PODS:
  - boost-for-react-native (1.63.0)
  - DoubleConversion (1.1.6)
  - EXBarCodeScannerInterface (2.0.0):
    - EXCore
  - EXCameraInterface (2.0.0):
    - EXCore
  - EXConstants (2.0.1):
    - EXConstantsInterface
    - EXCore
  - EXConstantsInterface (2.0.0):
    - EXCore
  - EXCore (2.0.0)
  - EXFaceDetectorInterface (2.0.0):
    - EXCore
  - EXFileSystem (2.0.1-rc.0):
    - EXCore
    - EXFileSystemInterface
  - EXFileSystemInterface (2.0.0):
    - EXCore
  - EXFont (2.0.0):
    - EXCore
    - EXFontInterface
  - EXFontInterface (2.0.0):
    - EXCore
  - EXImageLoaderInterface (2.0.0):
    - EXCore
  - EXLocalization (2.0.0):
    - EXCore
  - EXPermissions (2.0.0):
    - EXCore
    - EXPermissionsInterface
  - EXPermissionsInterface (2.0.0):
    - EXCore
  - EXReactNativeAdapter (2.0.0):
    - EXCore
    - EXFontInterface
    - React
  - EXSensorsInterface (2.0.0):
    - EXCore
  - EXTaskManagerInterface (1.0.0):
    - EXCore
  - Folly (2016.10.31.00):
    - boost-for-react-native
    - DoubleConversion
    - glog
  - glog (0.3.5)
  - React (0.57.8):
    - React/Core (= 0.57.8)
  - React/Core (0.57.8):
    - yoga (= 0.57.8.React)
  - React/CxxBridge (0.57.8):
    - Folly (= 2016.10.31.00)
    - React/Core
    - React/cxxreact
  - React/cxxreact (0.57.8):
    - boost-for-react-native (= 1.63.0)
    - Folly (= 2016.10.31.00)
    - React/jschelpers
    - React/jsinspector
  - React/DevSupport (0.57.8):
    - React/Core
    - React/RCTWebSocket
  - React/fishhook (0.57.8)
  - React/jschelpers (0.57.8):
    - Folly (= 2016.10.31.00)
    - React/PrivateDatabase
  - React/jsinspector (0.57.8)
  - React/PrivateDatabase (0.57.8)
  - React/RCTAnimation (0.57.8):
    - React/Core
  - React/RCTBlob (0.57.8):
    - React/Core
  - React/RCTImage (0.57.8):
    - React/Core
    - React/RCTNetwork
  - React/RCTNetwork (0.57.8):
    - React/Core
  - React/RCTText (0.57.8):
    - React/Core
  - React/RCTWebSocket (0.57.8):
    - React/Core
    - React/fishhook
    - React/RCTBlob
  - yoga (0.57.8.React)

DEPENDENCIES:
  - DoubleConversion (from `../node_modules/react-native/third-party-podspecs/DoubleConversion.podspec`)
  - EXBarCodeScannerInterface (from `../node_modules/expo-barcode-scanner-interface/ios`)
  - EXCameraInterface (from `../node_modules/expo-camera-interface/ios`)
  - EXConstants (from `../node_modules/expo-constants/ios`)
  - EXConstantsInterface (from `../node_modules/expo-constants-interface/ios`)
  - EXCore (from `../node_modules/expo-core/ios`)
  - EXFaceDetectorInterface (from `../node_modules/expo-face-detector-interface/ios`)
  - EXFileSystem (from `../node_modules/expo-file-system/ios`)
  - EXFileSystemInterface (from `../node_modules/expo-file-system-interface/ios`)
  - EXFont (from `../node_modules/expo-font/ios`)
  - EXFontInterface (from `../node_modules/expo-font-interface/ios`)
  - EXImageLoaderInterface (from `../node_modules/expo-image-loader-interface/ios`)
  - EXLocalization (from `../node_modules/expo-localization/ios`)
  - EXPermissions (from `../node_modules/expo-permissions/ios`)
  - EXPermissionsInterface (from `../node_modules/expo-permissions-interface/ios`)
  - EXReactNativeAdapter (from `../node_modules/expo-react-native-adapter/ios`)
  - EXSensorsInterface (from `../node_modules/expo-sensors-interface/ios`)
  - EXTaskManagerInterface (from `../node_modules/expo-task-manager-interface/ios`)
  - Folly (from `../node_modules/react-native/third-party-podspecs/Folly.podspec`)
  - glog (from `../node_modules/react-native/third-party-podspecs/glog.podspec`)
  - React/Core (from `../node_modules/react-native`)
  - React/CxxBridge (from `../node_modules/react-native`)
  - React/DevSupport (from `../node_modules/react-native`)
  - React/RCTAnimation (from `../node_modules/react-native`)
  - React/RCTImage (from `../node_modules/react-native`)
  - React/RCTNetwork (from `../node_modules/react-native`)
  - React/RCTText (from `../node_modules/react-native`)
  - React/RCTWebSocket (from `../node_modules/react-native`)
  - yoga (from `../node_modules/react-native/ReactCommon/yoga`)

SPEC REPOS:
  https://github.com/cocoapods/specs.git:
    - boost-for-react-native

EXTERNAL SOURCES:
  DoubleConversion:
    :podspec: "../node_modules/react-native/third-party-podspecs/DoubleConversion.podspec"
  EXBarCodeScannerInterface:
    :path: "../node_modules/expo-barcode-scanner-interface/ios"
  EXCameraInterface:
    :path: "../node_modules/expo-camera-interface/ios"
  EXConstants:
    :path: "../node_modules/expo-constants/ios"
  EXConstantsInterface:
    :path: "../node_modules/expo-constants-interface/ios"
  EXCore:
    :path: "../node_modules/expo-core/ios"
  EXFaceDetectorInterface:
    :path: "../node_modules/expo-face-detector-interface/ios"
  EXFileSystem:
    :path: "../node_modules/expo-file-system/ios"
  EXFileSystemInterface:
    :path: "../node_modules/expo-file-system-interface/ios"
  EXFont:
    :path: "../node_modules/expo-font/ios"
  EXFontInterface:
    :path: "../node_modules/expo-font-interface/ios"
  EXImageLoaderInterface:
    :path: "../node_modules/expo-image-loader-interface/ios"
  EXLocalization:
    :path: "../node_modules/expo-localization/ios"
  EXPermissions:
    :path: "../node_modules/expo-permissions/ios"
  EXPermissionsInterface:
    :path: "../node_modules/expo-permissions-interface/ios"
  EXReactNativeAdapter:
    :path: "../node_modules/expo-react-native-adapter/ios"
  EXSensorsInterface:
    :path: "../node_modules/expo-sensors-interface/ios"
  EXTaskManagerInterface:
    :path: "../node_modules/expo-task-manager-interface/ios"
  Folly:
    :podspec: "../node_modules/react-native/third-party-podspecs/Folly.podspec"
  glog:
    :podspec: "../node_modules/react-native/third-party-podspecs/glog.podspec"
  React:
    :path: "../node_modules/react-native"
  yoga:
    :path: "../node_modules/react-native/ReactCommon/yoga"

SPEC CHECKSUMS:
  boost-for-react-native: 39c7adb57c4e60d6c5479dd8623128eb5b3f0f2c
  DoubleConversion: bb338842f62ab1d708ceb63ec3d999f0f3d98ecd
  EXBarCodeScannerInterface: 55b79df51424ac9a6bc0397064d8a558bd64eac8
  EXCameraInterface: 3e9b11b71a7a723397409bf14cfa9835e99152fc
  EXConstants: 1dc21bf9131e36a10c4d503c08362c2a05f70901
  EXConstantsInterface: 33130d4140b04c0a6a998b954d3101ccc64ad6fc
  EXCore: 19b7409c37ab41fab62b4e9cc32a94e009c2f0d8
  EXFaceDetectorInterface: a971c54bf675edf76f8235bb0fbf5efe0a907746
  EXFileSystem: f22ee67384473eaac20eb88f247c7c33e207bacd
  EXFileSystemInterface: ad21786cef6012bdae23d4db96eb10429b63773b
  EXFont: 8b90216c6d6bbe055f658ee691d12e0ab97b24a8
  EXFontInterface: 20b4fd2a10719919a3585d37000554b3f9707060
  EXImageLoaderInterface: a955343470cb3701b6032f8d2e33948520c494d8
  EXLocalization: a11f157b3359b4fe099a584f757f68deaa6e6f6d
  EXPermissions: 60dc3fcd2040650ca4e33d1819288c38a6f519ae
  EXPermissionsInterface: d2d0887c538a14d2cf665c1707727b9a0e734dfd
  EXReactNativeAdapter: 673eb78015f8814a37be8b9675d572cc8e9a5218
  EXSensorsInterface: c35e76f4365a5168509c57dbdec737fa59b63a2f
  EXTaskManagerInterface: 5599889483ed14d28a715cceaedfaafb7409b2d0
  Folly: c89ac2d5c6ab169cd7397ef27485c44f35f742c7
  glog: e8acf0ebbf99759d3ff18c86c292a5898282dcde
  React: adbac0757ce35e92fbd447ab98c810209d27d9b0
  yoga: 74cdf036c30820443b25ade59916236b1e95ee93

PODFILE CHECKSUM: 30d959bd369aea736e86de0da48570bc0ba91209

COCOAPODS: 1.6.0
